
Microsoft Visual Studio Solution File, Format Version 12.00
# Visual Studio 2013
VisualStudioVersion = 12.0.21005.1
MinimumVisualStudioVersion = 10.0.40219.1
Project("{8BC9CEB8-8B4A-11D0-8D11-00A0C91BC942}") = "类的构造和析构", "类的构造和析构\类的构造和析构.vcxproj", "{9938B602-1836-4C09-9C0E-36F7B6CAC79C}"
EndProject
Global
	GlobalSection(SolutionConfigurationPlatforms) = preSolution
		Debug|Win32 = Debug|Win32
		Release|Win32 = Release|Win32
	EndGlobalSection
	GlobalSection(ProjectConfigurationPlatforms) = postSolution
		{9938B602-1836-4C09-9C0E-36F7B6CAC79C}.Debug|Win32.ActiveCfg = Debug|Win32
		{9938B602-1836-4C09-9C0E-36F7B6CAC79C}.Debug|Win32.Build.0 = Debug|Win32
		{9938B602-1836-4C09-9C0E-36F7B6CAC79C}.Release|Win32.ActiveCfg = Release|Win32
		{9938B602-1836-4C09-9C0E-36F7B6CAC79C}.Release|Win32.Build.0 = Release|Win32
	EndGlobalSection
	GlobalSection(SolutionProperties) = preSolution
		HideSolutionNode = FALSE
	EndGlobalSection
EndGlobal
